PODS:
  - Alamofire (4.9.1)
  - SideMenu (5.0.1)
  - SwiftyJSON (5.0.0)

DEPENDENCIES:
  - Alamofire
  - SideMenu
  - SwiftyJSON

SPEC REPOS:
  trunk:
    - Alamofire
    - SideMenu
    - SwiftyJSON

SPEC CHECKSUMS:
  Alamofire: 85e8a02c69d6020a0d734f6054870d7ecb75cf18
  SideMenu: 87efd943737bb83aedf0358884d09fcf5576636d
  SwiftyJSON: 36413e04c44ee145039d332b4f4e2d3e8d6c4db7

PODFILE CHECKSUM: ab157cec0b2046398102e2b66f684519ea69069f

COCOAPODS: 1.10.1
