// !$*UTF8*$!
{
	archiveVersion = 1;
	classes = {
	};
	objectVersion = 50;
	objects = {

/* Begin PBXBuildFile section */
		0AE8F8D8243062DE004FFFE9 /* AppDelegate.swift in Sources */ = {isa = PBXBuildFile; fileRef = 0AE8F8D7243062DE004FFFE9 /* AppDelegate.swift */; };
		0AE8F8DA243062DE004FFFE9 /* SceneDelegate.swift in Sources */ = {isa = PBXBuildFile; fileRef = 0AE8F8D9243062DE004FFFE9 /* SceneDelegate.swift */; };
		0AE8F8DC243062DE004FFFE9 /* ViewController.swift in Sources */ = {isa = PBXBuildFile; fileRef = 0AE8F8DB243062DE004FFFE9 /* ViewController.swift */; };
		0AE8F8DF243062DE004FFFE9 /* Main.storyboard in Resources */ = {isa = PBXBuildFile; fileRef = 0AE8F8DD243062DE004FFFE9 /* Main.storyboard */; };
		0AE8F8E1243062E1004FFFE9 /* Assets.xcassets in Resources */ = {isa = PBXBuildFile; fileRef = 0AE8F8E0243062E1004FFFE9 /* Assets.xcassets */; };
		0AE8F8E4243062E1004FFFE9 /* LaunchScreen.storyboard in Resources */ = {isa = PBXBuildFile; fileRef = 0AE8F8E2243062E1004FFFE9 /* LaunchScreen.storyboard */; };
		0AE8F8EF243062E1004FFFE9 /* traceph_ios_appTests.swift in Sources */ = {isa = PBXBuildFile; fileRef = 0AE8F8EE243062E1004FFFE9 /* traceph_ios_appTests.swift */; };
		0AE8F8FA243062E1004FFFE9 /* traceph_ios_appUITests.swift in Sources */ = {isa = PBXBuildFile; fileRef = 0AE8F8F9243062E1004FFFE9 /* traceph_ios_appUITests.swift */; };
/* End PBXBuildFile section */

/* Begin PBXContainerItemProxy section */
		0AE8F8EB243062E1004FFFE9 /* PBXContainerItemProxy */ = {
			isa = PBXContainerItemProxy;
			containerPortal = 0AE8F8CC243062DE004FFFE9 /* Project object */;
			proxyType = 1;
			remoteGlobalIDString = 0AE8F8D3243062DE004FFFE9;
			remoteInfo = "traceph-ios-app";
		};
		0AE8F8F6243062E1004FFFE9 /* PBXContainerItemProxy */ = {
			isa = PBXContainerItemProxy;
			containerPortal = 0AE8F8CC243062DE004FFFE9 /* Project object */;
			proxyType = 1;
			remoteGlobalIDString = 0AE8F8D3243062DE004FFFE9;
			remoteInfo = "traceph-ios-app";
		};
/* End PBXContainerItemProxy section */

/* Begin PBXFileReference section */
		0AE8F8D4243062DE004FFFE9 /* traceph-ios-app.app */ = {isa = PBXFileReference; explicitFileType = wrapper.application; includeInIndex = 0; path = "traceph-ios-app.app"; sourceTree = BUILT_PRODUCTS_DIR; };
		0AE8F8D7243062DE004FFFE9 /* AppDelegate.swift */ = {isa = PBXFileReference; lastKnownFileType = sourcecode.swift; path = AppDelegate.swift; sourceTree = "<group>"; };
		0AE8F8D9243062DE004FFFE9 /* SceneDelegate.swift */ = {isa = PBXFileReference; lastKnownFileType = sourcecode.swift; path = SceneDelegate.swift; sourceTree = "<group>"; };
		0AE8F8DB243062DE004FFFE9 /* ViewController.swift */ = {isa = PBXFileReference; lastKnownFileType = sourcecode.swift; path = ViewController.swift; sourceTree = "<group>"; };
		0AE8F8DE243062DE004FFFE9 /* Base */ = {isa = PBXFileReference; lastKnownFileType = file.storyboard; name = Base; path = Base.lproj/Main.storyboard; sourceTree = "<group>"; };
		0AE8F8E0243062E1004FFFE9 /* Assets.xcassets */ = {isa = PBXFileReference; lastKnownFileType = folder.assetcatalog; path = Assets.xcassets; sourceTree = "<group>"; };
		0AE8F8E3243062E1004FFFE9 /* Base */ = {isa = PBXFileReference; lastKnownFileType = file.storyboard; name = Base; path = Base.lproj/LaunchScreen.storyboard; sourceTree = "<group>"; };
		0AE8F8E5243062E1004FFFE9 /* Info.plist */ = {isa = PBXFileReference; lastKnownFileType = text.plist.xml; path = Info.plist; sourceTree = "<group>"; };
		0AE8F8EA243062E1004FFFE9 /* traceph-ios-appTests.xctest */ = {isa = PBXFileReference; explicitFileType = wrapper.cfbundle; includeInIndex = 0; path = "traceph-ios-appTests.xctest"; sourceTree = BUILT_PRODUCTS_DIR; };
		0AE8F8EE243062E1004FFFE9 /* traceph_ios_appTests.swift */ = {isa = PBXFileReference; lastKnownFileType = sourcecode.swift; path = traceph_ios_appTests.swift; sourceTree = "<group>"; };
		0AE8F8F0243062E1004FFFE9 /* Info.plist */ = {isa = PBXFileReference; lastKnownFileType = text.plist.xml; path = Info.plist; sourceTree = "<group>"; };
		0AE8F8F5243062E1004FFFE9 /* traceph-ios-appUITests.xctest */ = {isa = PBXFileReference; explicitFileType = wrapper.cfbundle; includeInIndex = 0; path = "traceph-ios-appUITests.xctest"; sourceTree = BUILT_PRODUCTS_DIR; };
		0AE8F8F9243062E1004FFFE9 /* traceph_ios_appUITests.swift */ = {isa = PBXFileReference; lastKnownFileType = sourcecode.swift; path = traceph_ios_appUITests.swift; sourceTree = "<group>"; };
		0AE8F8FB243062E2004FFFE9 /* Info.plist */ = {isa = PBXFileReference; lastKnownFileType = text.plist.xml; path = Info.plist; sourceTree = "<group>"; };
/* End PBXFileReference section */

/* Begin PBXFrameworksBuildPhase section */
		0AE8F8D1243062DE004FFFE9 /* Frameworks */ = {
			isa = PBXFrameworksBuildPhase;
			buildActionMask = 2147483647;
			files = (
			);
			runOnlyForDeploymentPostprocessing = 0;
		};
		0AE8F8E7243062E1004FFFE9 /* Frameworks */ = {
			isa = PBXFrameworksBuildPhase;
			buildActionMask = 2147483647;
			files = (
			);
			runOnlyForDeploymentPostprocessing = 0;
		};
		0AE8F8F2243062E1004FFFE9 /* Frameworks */ = {
			isa = PBXFrameworksBuildPhase;
			buildActionMask = 2147483647;
			files = (
			);
			runOnlyForDeploymentPostprocessing = 0;
		};
/* End PBXFrameworksBuildPhase section */

/* Begin PBXGroup section */
		0AE8F8CB243062DE004FFFE9 = {
			isa = PBXGroup;
			children = (
				0AE8F8D6243062DE004FFFE9 /* traceph-ios-app */,
				0AE8F8ED243062E1004FFFE9 /* traceph-ios-appTests */,
				0AE8F8F8243062E1004FFFE9 /* traceph-ios-appUITests */,
				0AE8F8D5243062DE004FFFE9 /* Products */,
			);
			sourceTree = "<group>";
		};
		0AE8F8D5243062DE004FFFE9 /* Products */ = {
			isa = PBXGroup;
			children = (
				0AE8F8D4243062DE004FFFE9 /* traceph-ios-app.app */,
				0AE8F8EA243062E1004FFFE9 /* traceph-ios-appTests.xctest */,
				0AE8F8F5243062E1004FFFE9 /* traceph-ios-appUITests.xctest */,
			);
			name = Products;
			sourceTree = "<group>";
		};
		0AE8F8D6243062DE004FFFE9 /* traceph-ios-app */ = {
			isa = PBXGroup;
			children = (
				0AE8F8D7243062DE004FFFE9 /* AppDelegate.swift */,
				0AE8F8D9243062DE004FFFE9 /* SceneDelegate.swift */,
				0AE8F8DB243062DE004FFFE9 /* ViewController.swift */,
				0AE8F8DD243062DE004FFFE9 /* Main.storyboard */,
				0AE8F8E0243062E1004FFFE9 /* Assets.xcassets */,
				0AE8F8E2243062E1004FFFE9 /* LaunchScreen.storyboard */,
				0AE8F8E5243062E1004FFFE9 /* Info.plist */,
			);
			path = "traceph-ios-app";
			sourceTree = "<group>";
		};
		0AE8F8ED243062E1004FFFE9 /* traceph-ios-appTests */ = {
			isa = PBXGroup;
			children = (
				0AE8F8EE243062E1004FFFE9 /* traceph_ios_appTests.swift */,
				0AE8F8F0243062E1004FFFE9 /* Info.plist */,
			);
			path = "traceph-ios-appTests";
			sourceTree = "<group>";
		};
		0AE8F8F8243062E1004FFFE9 /* traceph-ios-appUITests */ = {
			isa = PBXGroup;
			children = (
				0AE8F8F9243062E1004FFFE9 /* traceph_ios_appUITests.swift */,
				0AE8F8FB243062E2004FFFE9 /* Info.plist */,
			);
			path = "traceph-ios-appUITests";
			sourceTree = "<group>";
		};
/* End PBXGroup section */

/* Begin PBXNativeTarget section */
		0AE8F8D3243062DE004FFFE9 /* traceph-ios-app */ = {
			isa = PBXNativeTarget;
			buildConfigurationList = 0AE8F8FE243062E2004FFFE9 /* Build configuration list for PBXNativeTarget "traceph-ios-app" */;
			buildPhases = (
				0AE8F8D0243062DE004FFFE9 /* Sources */,
				0AE8F8D1243062DE004FFFE9 /* Frameworks */,
				0AE8F8D2243062DE004FFFE9 /* Resources */,
			);
			buildRules = (
			);
			dependencies = (
			);
			name = "traceph-ios-app";
			productName = "traceph-ios-app";
			productReference = 0AE8F8D4243062DE004FFFE9 /* traceph-ios-app.app */;
			productType = "com.apple.product-type.application";
		};
		0AE8F8E9243062E1004FFFE9 /* traceph-ios-appTests */ = {
			isa = PBXNativeTarget;
			buildConfigurationList = 0AE8F901243062E2004FFFE9 /* Build configuration list for PBXNativeTarget "traceph-ios-appTests" */;
			buildPhases = (
				0AE8F8E6243062E1004FFFE9 /* Sources */,
				0AE8F8E7243062E1004FFFE9 /* Frameworks */,
				0AE8F8E8243062E1004FFFE9 /* Resources */,
			);
			buildRules = (
			);
			dependencies = (
				0AE8F8EC243062E1004FFFE9 /* PBXTargetDependency */,
			);
			name = "traceph-ios-appTests";
			productName = "traceph-ios-appTests";
			productReference = 0AE8F8EA243062E1004FFFE9 /* traceph-ios-appTests.xctest */;
			productType = "com.apple.product-type.bundle.unit-test";
		};
		0AE8F8F4243062E1004FFFE9 /* traceph-ios-appUITests */ = {
			isa = PBXNativeTarget;
			buildConfigurationList = 0AE8F904243062E2004FFFE9 /* Build configuration list for PBXNativeTarget "traceph-ios-appUITests" */;
			buildPhases = (
				0AE8F8F1243062E1004FFFE9 /* Sources */,
				0AE8F8F2243062E1004FFFE9 /* Frameworks */,
				0AE8F8F3243062E1004FFFE9 /* Resources */,
			);
			buildRules = (
			);
			dependencies = (
				0AE8F8F7243062E1004FFFE9 /* PBXTargetDependency */,
			);
			name = "traceph-ios-appUITests";
			productName = "traceph-ios-appUITests";
			productReference = 0AE8F8F5243062E1004FFFE9 /* traceph-ios-appUITests.xctest */;
			productType = "com.apple.product-type.bundle.ui-testing";
		};
/* End PBXNativeTarget section */

/* Begin PBXProject section */
		0AE8F8CC243062DE004FFFE9 /* Project object */ = {
			isa = PBXProject;
			attributes = {
				LastSwiftUpdateCheck = 1130;
				LastUpgradeCheck = 1130;
				ORGANIZATIONNAME = traceph;
				TargetAttributes = {
					0AE8F8D3243062DE004FFFE9 = {
						CreatedOnToolsVersion = 11.3;
					};
					0AE8F8E9243062E1004FFFE9 = {
						CreatedOnToolsVersion = 11.3;
						TestTargetID = 0AE8F8D3243062DE004FFFE9;
					};
					0AE8F8F4243062E1004FFFE9 = {
						CreatedOnToolsVersion = 11.3;
						TestTargetID = 0AE8F8D3243062DE004FFFE9;
					};
				};
			};
			buildConfigurationList = 0AE8F8CF243062DE004FFFE9 /* Build configuration list for PBXProject "traceph-ios-app" */;
			compatibilityVersion = "Xcode 9.3";
			developmentRegion = en;
			hasScannedForEncodings = 0;
			knownRegions = (
				en,
				Base,
			);
			mainGroup = 0AE8F8CB243062DE004FFFE9;
			productRefGroup = 0AE8F8D5243062DE004FFFE9 /* Products */;
			projectDirPath = "";
			projectRoot = "";
			targets = (
				0AE8F8D3243062DE004FFFE9 /* traceph-ios-app */,
				0AE8F8E9243062E1004FFFE9 /* traceph-ios-appTests */,
				0AE8F8F4243062E1004FFFE9 /* traceph-ios-appUITests */,
			);
		};
/* End PBXProject section */

/* Begin PBXResourcesBuildPhase section */
		0AE8F8D2243062DE004FFFE9 /* Resources */ = {
			isa = PBXResourcesBuildPhase;
			buildActionMask = 2147483647;
			files = (
				0AE8F8E4243062E1004FFFE9 /* LaunchScreen.storyboard in Resources */,
				0AE8F8E1243062E1004FFFE9 /* Assets.xcassets in Resources */,
				0AE8F8DF243062DE004FFFE9 /* Main.storyboard in Resources */,
			);
			runOnlyForDeploymentPostprocessing = 0;
		};
		0AE8F8E8243062E1004FFFE9 /* Resources */ = {
			isa = PBXResourcesBuildPhase;
			buildActionMask = 2147483647;
			files = (
			);
			runOnlyForDeploymentPostprocessing = 0;
		};
		0AE8F8F3243062E1004FFFE9 /* Resources */ = {
			isa = PBXResourcesBuildPhase;
			buildActionMask = 2147483647;
			files = (
			);
			runOnlyForDeploymentPostprocessing = 0;
		};
/* End PBXResourcesBuildPhase section */

/* Begin PBXSourcesBuildPhase section */
		0AE8F8D0243062DE004FFFE9 /* Sources */ = {
			isa = PBXSourcesBuildPhase;
			buildActionMask = 2147483647;
			files = (
				0AE8F8DC243062DE004FFFE9 /* ViewController.swift in Sources */,
				0AE8F8D8243062DE004FFFE9 /* AppDelegate.swift in Sources */,
				0AE8F8DA243062DE004FFFE9 /* SceneDelegate.swift in Sources */,
			);
			runOnlyForDeploymentPostprocessing = 0;
		};
		0AE8F8E6243062E1004FFFE9 /* Sources */ = {
			isa = PBXSourcesBuildPhase;
			buildActionMask = 2147483647;
			files = (
				0AE8F8EF243062E1004FFFE9 /* traceph_ios_appTests.swift in Sources */,
			);
			runOnlyForDeploymentPostprocessing = 0;
		};
		0AE8F8F1243062E1004FFFE9 /* Sources */ = {
			isa = PBXSourcesBuildPhase;
			buildActionMask = 2147483647;
			files = (
				0AE8F8FA243062E1004FFFE9 /* traceph_ios_appUITests.swift in Sources */,
			);
			runOnlyForDeploymentPostprocessing = 0;
		};
/* End PBXSourcesBuildPhase section */

/* Begin PBXTargetDependency section */
		0AE8F8EC243062E1004FFFE9 /* PBXTargetDependency */ = {
			isa = PBXTargetDependency;
			target = 0AE8F8D3243062DE004FFFE9 /* traceph-ios-app */;
			targetProxy = 0AE8F8EB243062E1004FFFE9 /* PBXContainerItemProxy */;
		};
		0AE8F8F7243062E1004FFFE9 /* PBXTargetDependency */ = {
			isa = PBXTargetDependency;
			target = 0AE8F8D3243062DE004FFFE9 /* traceph-ios-app */;
			targetProxy = 0AE8F8F6243062E1004FFFE9 /* PBXContainerItemProxy */;
		};
/* End PBXTargetDependency section */

/* Begin PBXVariantGroup section */
		0AE8F8DD243062DE004FFFE9 /* Main.storyboard */ = {
			isa = PBXVariantGroup;
			children = (
				0AE8F8DE243062DE004FFFE9 /* Base */,
			);
			name = Main.storyboard;
			sourceTree = "<group>";
		};
		0AE8F8E2243062E1004FFFE9 /* LaunchScreen.storyboard */ = {
			isa = PBXVariantGroup;
			children = (
				0AE8F8E3243062E1004FFFE9 /* Base */,
			);
			name = LaunchScreen.storyboard;
			sourceTree = "<group>";
		};
/* End PBXVariantGroup section */

/* Begin XCBuildConfiguration section */
		0AE8F8FC243062E2004FFFE9 /* Debug */ = {
			isa = XCBuildConfiguration;
			buildSettings = {
				ALWAYS_SEARCH_USER_PATHS = NO;
				CLANG_ANALYZER_NONNULL = YES;
				CLANG_ANALYZER_NUMBER_OBJECT_CONVERSION = YES_AGGRESSIVE;
				CLANG_CXX_LANGUAGE_STANDARD = "gnu++14";
				CLANG_CXX_LIBRARY = "libc++";
				CLANG_ENABLE_MODULES = YES;
				CLANG_ENABLE_OBJC_ARC = YES;
				CLANG_ENABLE_OBJC_WEAK = YES;
				CLANG_WARN_BLOCK_CAPTURE_AUTORELEASING = YES;
				CLANG_WARN_BOOL_CONVERSION = YES;
				CLANG_WARN_COMMA = YES;
				CLANG_WARN_CONSTANT_CONVERSION = YES;
				CLANG_WARN_DEPRECATED_OBJC_IMPLEMENTATIONS = YES;
				CLANG_WARN_DIRECT_OBJC_ISA_USAGE = YES_ERROR;
				CLANG_WARN_DOCUMENTATION_COMMENTS = YES;
				CLANG_WARN_EMPTY_BODY = YES;
				CLANG_WARN_ENUM_CONVERSION = YES;
				CLANG_WARN_INFINITE_RECURSION = YES;
				CLANG_WARN_INT_CONVERSION = YES;
				CLANG_WARN_NON_LITERAL_NULL_CONVERSION = YES;
				CLANG_WARN_OBJC_IMPLICIT_RETAIN_SELF = YES;
				CLANG_WARN_OBJC_LITERAL_CONVERSION = YES;
				CLANG_WARN_OBJC_ROOT_CLASS = YES_ERROR;
				CLANG_WARN_RANGE_LOOP_ANALYSIS = YES;
				CLANG_WARN_STRICT_PROTOTYPES = YES;
				CLANG_WARN_SUSPICIOUS_MOVE = YES;
				CLANG_WARN_UNGUARDED_AVAILABILITY = YES_AGGRESSIVE;
				CLANG_WARN_UNREACHABLE_CODE = YES;
				CLANG_WARN__DUPLICATE_METHOD_MATCH = YES;
				COPY_PHASE_STRIP = NO;
				DEBUG_INFORMATION_FORMAT = dwarf;
				ENABLE_STRICT_OBJC_MSGSEND = YES;
				ENABLE_TESTABILITY = YES;
				GCC_C_LANGUAGE_STANDARD = gnu11;
				GCC_DYNAMIC_NO_PIC = NO;
				GCC_NO_COMMON_BLOCKS = YES;
				GCC_OPTIMIZATION_LEVEL = 0;
				GCC_PREPROCESSOR_DEFINITIONS = (
					"DEBUG=1",
					"$(inherited)",
				);
				GCC_WARN_64_TO_32_BIT_CONVERSION = YES;
				GCC_WARN_ABOUT_RETURN_TYPE = YES_ERROR;
				GCC_WARN_UNDECLARED_SELECTOR = YES;
				GCC_WARN_UNINITIALIZED_AUTOS = YES_AGGRESSIVE;
				GCC_WARN_UNUSED_FUNCTION = YES;
				GCC_WARN_UNUSED_VARIABLE = YES;
				IPHONEOS_DEPLOYMENT_TARGET = 13.2;
				MTL_ENABLE_DEBUG_INFO = INCLUDE_SOURCE;
				MTL_FAST_MATH = YES;
				ONLY_ACTIVE_ARCH = YES;
				SDKROOT = iphoneos;
				SWIFT_ACTIVE_COMPILATION_CONDITIONS = DEBUG;
				SWIFT_OPTIMIZATION_LEVEL = "-Onone";
			};
			name = Debug;
		};
		0AE8F8FD243062E2004FFFE9 /* Release */ = {
			isa = XCBuildConfiguration;
			buildSettings = {
				ALWAYS_SEARCH_USER_PATHS = NO;
				CLANG_ANALYZER_NONNULL = YES;
				CLANG_ANALYZER_NUMBER_OBJECT_CONVERSION = YES_AGGRESSIVE;
				CLANG_CXX_LANGUAGE_STANDARD = "gnu++14";
				CLANG_CXX_LIBRARY = "libc++";
				CLANG_ENABLE_MODULES = YES;
				CLANG_ENABLE_OBJC_ARC = YES;
				CLANG_ENABLE_OBJC_WEAK = YES;
				CLANG_WARN_BLOCK_CAPTURE_AUTORELEASING = YES;
				CLANG_WARN_BOOL_CONVERSION = YES;
				CLANG_WARN_COMMA = YES;
				CLANG_WARN_CONSTANT_CONVERSION = YES;
				CLANG_WARN_DEPRECATED_OBJC_IMPLEMENTATIONS = YES;
				CLANG_WARN_DIRECT_OBJC_ISA_USAGE = YES_ERROR;
				CLANG_WARN_DOCUMENTATION_COMMENTS = YES;
				CLANG_WARN_EMPTY_BODY = YES;
				CLANG_WARN_ENUM_CONVERSION = YES;
				CLANG_WARN_INFINITE_RECURSION = YES;
				CLANG_WARN_INT_CONVERSION = YES;
				CLANG_WARN_NON_LITERAL_NULL_CONVERSION = YES;
				CLANG_WARN_OBJC_IMPLICIT_RETAIN_SELF = YES;
				CLANG_WARN_OBJC_LITERAL_CONVERSION = YES;
				CLANG_WARN_OBJC_ROOT_CLASS = YES_ERROR;
				CLANG_WARN_RANGE_LOOP_ANALYSIS = YES;
				CLANG_WARN_STRICT_PROTOTYPES = YES;
				CLANG_WARN_SUSPICIOUS_MOVE = YES;
				CLANG_WARN_UNGUARDED_AVAILABILITY = YES_AGGRESSIVE;
				CLANG_WARN_UNREACHABLE_CODE = YES;
				CLANG_WARN__DUPLICATE_METHOD_MATCH = YES;
				COPY_PHASE_STRIP = NO;
				DEBUG_INFORMATION_FORMAT = "dwarf-with-dsym";
				ENABLE_NS_ASSERTIONS = NO;
				ENABLE_STRICT_OBJC_MSGSEND = YES;
				GCC_C_LANGUAGE_STANDARD = gnu11;
				GCC_NO_COMMON_BLOCKS = YES;
				GCC_WARN_64_TO_32_BIT_CONVERSION = YES;
				GCC_WARN_ABOUT_RETURN_TYPE = YES_ERROR;
				GCC_WARN_UNDECLARED_SELECTOR = YES;
				GCC_WARN_UNINITIALIZED_AUTOS = YES_AGGRESSIVE;
				GCC_WARN_UNUSED_FUNCTION = YES;
				GCC_WARN_UNUSED_VARIABLE = YES;
				IPHONEOS_DEPLOYMENT_TARGET = 13.2;
				MTL_ENABLE_DEBUG_INFO = NO;
				MTL_FAST_MATH = YES;
				SDKROOT = iphoneos;
				SWIFT_COMPILATION_MODE = wholemodule;
				SWIFT_OPTIMIZATION_LEVEL = "-O";
				VALIDATE_PRODUCT = YES;
			};
			name = Release;
		};
		0AE8F8FF243062E2004FFFE9 /* Debug */ = {
			isa = XCBuildConfiguration;
			buildSettings = {
				ASSETCATALOG_COMPILER_APPICON_NAME = AppIcon;
				CODE_SIGN_STYLE = Automatic;
				DEVELOPMENT_TEAM = R8Y4YU5M85;
				INFOPLIST_FILE = "traceph-ios-app/Info.plist";
				LD_RUNPATH_SEARCH_PATHS = (
					"$(inherited)",
					"@executable_path/Frameworks",
				);
				PRODUCT_BUNDLE_IDENTIFIER = "com.upd.traceph-ios-app";
				PRODUCT_NAME = "$(TARGET_NAME)";
				SWIFT_VERSION = 5.0;
				TARGETED_DEVICE_FAMILY = "1,2";
			};
			name = Debug;
		};
		0AE8F900243062E2004FFFE9 /* Release */ = {
			isa = XCBuildConfiguration;
			buildSettings = {
				ASSETCATALOG_COMPILER_APPICON_NAME = AppIcon;
				CODE_SIGN_STYLE = Automatic;
				DEVELOPMENT_TEAM = R8Y4YU5M85;
				INFOPLIST_FILE = "traceph-ios-app/Info.plist";
				LD_RUNPATH_SEARCH_PATHS = (
					"$(inherited)",
					"@executable_path/Frameworks",
				);
				PRODUCT_BUNDLE_IDENTIFIER = "com.upd.traceph-ios-app";
				PRODUCT_NAME = "$(TARGET_NAME)";
				SWIFT_VERSION = 5.0;
				TARGETED_DEVICE_FAMILY = "1,2";
			};
			name = Release;
		};
		0AE8F902243062E2004FFFE9 /* Debug */ = {
			isa = XCBuildConfiguration;
			buildSettings = {
				ALWAYS_EMBED_SWIFT_STANDARD_LIBRARIES = YES;
				BUNDLE_LOADER = "$(TEST_HOST)";
				CODE_SIGN_STYLE = Automatic;
				DEVELOPMENT_TEAM = R8Y4YU5M85;
				INFOPLIST_FILE = "traceph-ios-appTests/Info.plist";
				IPHONEOS_DEPLOYMENT_TARGET = 13.2;
				LD_RUNPATH_SEARCH_PATHS = (
					"$(inherited)",
					"@executable_path/Frameworks",
					"@loader_path/Frameworks",
				);
				PRODUCT_BUNDLE_IDENTIFIER = "com.upd.traceph-ios-appTests";
				PRODUCT_NAME = "$(TARGET_NAME)";
				SWIFT_VERSION = 5.0;
				TARGETED_DEVICE_FAMILY = "1,2";
				TEST_HOST = "$(BUILT_PRODUCTS_DIR)/traceph-ios-app.app/traceph-ios-app";
			};
			name = Debug;
		};
		0AE8F903243062E2004FFFE9 /* Release */ = {
			isa = XCBuildConfiguration;
			buildSettings = {
				ALWAYS_EMBED_SWIFT_STANDARD_LIBRARIES = YES;
				BUNDLE_LOADER = "$(TEST_HOST)";
				CODE_SIGN_STYLE = Automatic;
				DEVELOPMENT_TEAM = R8Y4YU5M85;
				INFOPLIST_FILE = "traceph-ios-appTests/Info.plist";
				IPHONEOS_DEPLOYMENT_TARGET = 13.2;
				LD_RUNPATH_SEARCH_PATHS = (
					"$(inherited)",
					"@executable_path/Frameworks",
					"@loader_path/Frameworks",
				);
				PRODUCT_BUNDLE_IDENTIFIER = "com.upd.traceph-ios-appTests";
				PRODUCT_NAME = "$(TARGET_NAME)";
				SWIFT_VERSION = 5.0;
				TARGETED_DEVICE_FAMILY = "1,2";
				TEST_HOST = "$(BUILT_PRODUCTS_DIR)/traceph-ios-app.app/traceph-ios-app";
			};
			name = Release;
		};
		0AE8F905243062E2004FFFE9 /* Debug */ = {
			isa = XCBuildConfiguration;
			buildSettings = {
				ALWAYS_EMBED_SWIFT_STANDARD_LIBRARIES = YES;
				CODE_SIGN_STYLE = Automatic;
				DEVELOPMENT_TEAM = R8Y4YU5M85;
				INFOPLIST_FILE = "traceph-ios-appUITests/Info.plist";
				LD_RUNPATH_SEARCH_PATHS = (
					"$(inherited)",
					"@executable_path/Frameworks",
					"@loader_path/Frameworks",
				);
				PRODUCT_BUNDLE_IDENTIFIER = "com.upd.traceph-ios-appUITests";
				PRODUCT_NAME = "$(TARGET_NAME)";
				SWIFT_VERSION = 5.0;
				TARGETED_DEVICE_FAMILY = "1,2";
				TEST_TARGET_NAME = "traceph-ios-app";
			};
			name = Debug;
		};
		0AE8F906243062E2004FFFE9 /* Release */ = {
			isa = XCBuildConfiguration;
			buildSettings = {
				ALWAYS_EMBED_SWIFT_STANDARD_LIBRARIES = YES;
				CODE_SIGN_STYLE = Automatic;
				DEVELOPMENT_TEAM = R8Y4YU5M85;
				INFOPLIST_FILE = "traceph-ios-appUITests/Info.plist";
				LD_RUNPATH_SEARCH_PATHS = (
					"$(inherited)",
					"@executable_path/Frameworks",
					"@loader_path/Frameworks",
				);
				PRODUCT_BUNDLE_IDENTIFIER = "com.upd.traceph-ios-appUITests";
				PRODUCT_NAME = "$(TARGET_NAME)";
				SWIFT_VERSION = 5.0;
				TARGETED_DEVICE_FAMILY = "1,2";
				TEST_TARGET_NAME = "traceph-ios-app";
			};
			name = Release;
		};
/* End XCBuildConfiguration section */

/* Begin XCConfigurationList section */
		0AE8F8CF243062DE004FFFE9 /* Build configuration list for PBXProject "traceph-ios-app" */ = {
			isa = XCConfigurationList;
			buildConfigurations = (
				0AE8F8FC243062E2004FFFE9 /* Debug */,
				0AE8F8FD243062E2004FFFE9 /* Release */,
			);
			defaultConfigurationIsVisible = 0;
			defaultConfigurationName = Release;
		};
		0AE8F8FE243062E2004FFFE9 /* Build configuration list for PBXNativeTarget "traceph-ios-app" */ = {
			isa = XCConfigurationList;
			buildConfigurations = (
				0AE8F8FF243062E2004FFFE9 /* Debug */,
				0AE8F900243062E2004FFFE9 /* Release */,
			);
			defaultConfigurationIsVisible = 0;
			defaultConfigurationName = Release;
		};
		0AE8F901243062E2004FFFE9 /* Build configuration list for PBXNativeTarget "traceph-ios-appTests" */ = {
			isa = XCConfigurationList;
			buildConfigurations = (
				0AE8F902243062E2004FFFE9 /* Debug */,
				0AE8F903243062E2004FFFE9 /* Release */,
			);
			defaultConfigurationIsVisible = 0;
			defaultConfigurationName = Release;
		};
		0AE8F904243062E2004FFFE9 /* Build configuration list for PBXNativeTarget "traceph-ios-appUITests" */ = {
			isa = XCConfigurationList;
			buildConfigurations = (
				0AE8F905243062E2004FFFE9 /* Debug */,
				0AE8F906243062E2004FFFE9 /* Release */,
			);
			defaultConfigurationIsVisible = 0;
			defaultConfigurationName = Release;
		};
/* End XCConfigurationList section */
	};
	rootObject = 0AE8F8CC243062DE004FFFE9 /* Project object */;
}
